// !$*UTF8*$!
{
	archiveVersion = 1;
	classes = {
	};
	objectVersion = 46;
	objects = {

/* Begin PBXBuildFile section */
		BB7123881F65930B000B542C /* MapKit.framework in Frameworks */ = {isa = PBXBuildFile; fileRef = BB7123871F65930B000B542C /* MapKit.framework */; };
		BB71238A1F65A04B000B542C /* MapViewController.swift in Sources */ = {isa = PBXBuildFile; fileRef = BB7123891F65A04B000B542C /* MapViewController.swift */; };
		BB71238E1F674A17000B542C /* ViewController.swift in Sources */ = {isa = PBXBuildFile; fileRef = BB71238D1F674A17000B542C /* ViewController.swift */; };
		BBE391631F61963400CE5149 /* AppDelegate.swift in Sources */ = {isa = PBXBuildFile; fileRef = BBE391621F61963400CE5149 /* AppDelegate.swift */; };
		BBE391681F61963400CE5149 /* Main.storyboard in Resources */ = {isa = PBXBuildFile; fileRef = BBE391661F61963400CE5149 /* Main.storyboard */; };
		BBE3916D1F61963400CE5149 /* LaunchScreen.storyboard in Resources */ = {isa = PBXBuildFile; fileRef = BBE3916B1F61963400CE5149 /* LaunchScreen.storyboard */; };
		BBE391781F61963400CE5149 /* WorldTrotterTests.swift in Sources */ = {isa = PBXBuildFile; fileRef = BBE391771F61963400CE5149 /* WorldTrotterTests.swift */; };
		BBE391831F61963400CE5149 /* WorldTrotterUITests.swift in Sources */ = {isa = PBXBuildFile; fileRef = BBE391821F61963400CE5149 /* WorldTrotterUITests.swift */; };
		BBE75F7E1F62068E00789098 /* ConversionViewController.swift in Sources */ = {isa = PBXBuildFile; fileRef = BBE75F7D1F62068E00789098 /* ConversionViewController.swift */; };
		BBEC4F591F68927300365EBC /* Assets.xcassets in Resources */ = {isa = PBXBuildFile; fileRef = BBEC4F581F68927300365EBC /* Assets.xcassets */; };
		BBF59BCA1F6F5E0400285EAE /* Localizable.strings in Resources */ = {isa = PBXBuildFile; fileRef = BBF59BCC1F6F5E0400285EAE /* Localizable.strings */; };
/* End PBXBuildFile section */

/* Begin PBXContainerItemProxy section */
		BBE391741F61963400CE5149 /* PBXContainerItemProxy */ = {
			isa = PBXContainerItemProxy;
			containerPortal = BBE391571F61963400CE5149 /* Project object */;
			proxyType = 1;
			remoteGlobalIDString = BBE3915E1F61963400CE5149;
			remoteInfo = WorldTrotter;
		};
		BBE3917F1F61963400CE5149 /* PBXContainerItemProxy */ = {
			isa = PBXContainerItemProxy;
			containerPortal = BBE391571F61963400CE5149 /* Project object */;
			proxyType = 1;
			remoteGlobalIDString = BBE3915E1F61963400CE5149;
			remoteInfo = WorldTrotter;
		};
/* End PBXContainerItemProxy section */

/* Begin PBXFileReference section */
		BB7123871F65930B000B542C /* MapKit.framework */ = {isa = PBXFileReference; lastKnownFileType = wrapper.framework; name = MapKit.framework; path = System/Library/Frameworks/MapKit.framework; sourceTree = SDKROOT; };
		BB7123891F65A04B000B542C /* MapViewController.swift */ = {isa = PBXFileReference; fileEncoding = 4; lastKnownFileType = sourcecode.swift; path = MapViewController.swift; sourceTree = "<group>"; };
		BB71238D1F674A17000B542C /* ViewController.swift */ = {isa = PBXFileReference; fileEncoding = 4; lastKnownFileType = sourcecode.swift; path = ViewController.swift; sourceTree = "<group>"; };
		BB85B7FD1F6F4BE800EDBCC1 /* en */ = {isa = PBXFileReference; lastKnownFileType = text.plist.strings; name = en; path = en.lproj/Main.strings; sourceTree = "<group>"; };
		BB85B7FE1F6F4C5E00EDBCC1 /* es */ = {isa = PBXFileReference; lastKnownFileType = text.plist.strings; name = es; path = es.lproj/Main.strings; sourceTree = "<group>"; };
		BBE3915F1F61963400CE5149 /* WorldTrotter.app */ = {isa = PBXFileReference; explicitFileType = wrapper.application; includeInIndex = 0; path = WorldTrotter.app; sourceTree = BUILT_PRODUCTS_DIR; };
		BBE391621F61963400CE5149 /* AppDelegate.swift */ = {isa = PBXFileReference; lastKnownFileType = sourcecode.swift; path = AppDelegate.swift; sourceTree = "<group>"; };
		BBE391671F61963400CE5149 /* Base */ = {isa = PBXFileReference; lastKnownFileType = file.storyboard; name = Base; path = Base.lproj/Main.storyboard; sourceTree = "<group>"; };
		BBE3916C1F61963400CE5149 /* Base */ = {isa = PBXFileReference; lastKnownFileType = file.storyboard; name = Base; path = Base.lproj/LaunchScreen.storyboard; sourceTree = "<group>"; };
		BBE3916E1F61963400CE5149 /* Info.plist */ = {isa = PBXFileReference; lastKnownFileType = text.plist.xml; path = Info.plist; sourceTree = "<group>"; };
		BBE391731F61963400CE5149 /* WorldTrotterTests.xctest */ = {isa = PBXFileReference; explicitFileType = wrapper.cfbundle; includeInIndex = 0; path = WorldTrotterTests.xctest; sourceTree = BUILT_PRODUCTS_DIR; };
		BBE391771F61963400CE5149 /* WorldTrotterTests.swift */ = {isa = PBXFileReference; lastKnownFileType = sourcecode.swift; path = WorldTrotterTests.swift; sourceTree = "<group>"; };
		BBE391791F61963400CE5149 /* Info.plist */ = {isa = PBXFileReference; lastKnownFileType = text.plist.xml; path = Info.plist; sourceTree = "<group>"; };
		BBE3917E1F61963400CE5149 /* WorldTrotterUITests.xctest */ = {isa = PBXFileReference; explicitFileType = wrapper.cfbundle; includeInIndex = 0; path = WorldTrotterUITests.xctest; sourceTree = BUILT_PRODUCTS_DIR; };
		BBE391821F61963400CE5149 /* WorldTrotterUITests.swift */ = {isa = PBXFileReference; lastKnownFileType = sourcecode.swift; path = WorldTrotterUITests.swift; sourceTree = "<group>"; };
		BBE391841F61963400CE5149 /* Info.plist */ = {isa = PBXFileReference; lastKnownFileType = text.plist.xml; path = Info.plist; sourceTree = "<group>"; };
		BBE75F7D1F62068E00789098 /* ConversionViewController.swift */ = {isa = PBXFileReference; fileEncoding = 4; lastKnownFileType = sourcecode.swift; path = ConversionViewController.swift; sourceTree = "<group>"; };
		BBEC4F581F68927300365EBC /* Assets.xcassets */ = {isa = PBXFileReference; lastKnownFileType = folder.assetcatalog; path = Assets.xcassets; sourceTree = "<group>"; };
		BBF59BCB1F6F5E0400285EAE /* Base */ = {isa = PBXFileReference; lastKnownFileType = text.plist.strings; name = Base; path = Base.lproj/Localizable.strings; sourceTree = "<group>"; };
		BBF59BCD1F6F5E1900285EAE /* en */ = {isa = PBXFileReference; lastKnownFileType = text.plist.strings; name = en; path = en.lproj/Localizable.strings; sourceTree = "<group>"; };
		BBF59BCE1F6F5E1A00285EAE /* es */ = {isa = PBXFileReference; lastKnownFileType = text.plist.strings; name = es; path = es.lproj/Localizable.strings; sourceTree = "<group>"; };
		BBF59BCF1F6F648A00285EAE /* fr */ = {isa = PBXFileReference; lastKnownFileType = text.plist.strings; name = fr; path = fr.lproj/Main.strings; sourceTree = "<group>"; };
		BBF59BD01F6F648A00285EAE /* fr */ = {isa = PBXFileReference; lastKnownFileType = text.plist.strings; name = fr; path = fr.lproj/Localizable.strings; sourceTree = "<group>"; };
/* End PBXFileReference section */

/* Begin PBXFrameworksBuildPhase section */
		BBE3915C1F61963400CE5149 /* Frameworks */ = {
			isa = PBXFrameworksBuildPhase;
			buildActionMask = 2147483647;
			files = (
				BB7123881F65930B000B542C /* MapKit.framework in Frameworks */,
			);
			runOnlyForDeploymentPostprocessing = 0;
		};
		BBE391701F61963400CE5149 /* Frameworks */ = {
			isa = PBXFrameworksBuildPhase;
			buildActionMask = 2147483647;
			files = (
			);
			runOnlyForDeploymentPostprocessing = 0;
		};
		BBE3917B1F61963400CE5149 /* Frameworks */ = {
			isa = PBXFrameworksBuildPhase;
			buildActionMask = 2147483647;
			files = (
			);
			runOnlyForDeploymentPostprocessing = 0;
		};
/* End PBXFrameworksBuildPhase section */

/* Begin PBXGroup section */
		BB7123861F65930B000B542C /* Frameworks */ = {
			isa = PBXGroup;
			children = (
				BB7123871F65930B000B542C /* MapKit.framework */,
			);
			name = Frameworks;
			sourceTree = "<group>";
		};
		BBE391561F61963400CE5149 = {
			isa = PBXGroup;
			children = (
				BBE391611F61963400CE5149 /* WorldTrotter */,
				BBE391761F61963400CE5149 /* WorldTrotterTests */,
				BBE391811F61963400CE5149 /* WorldTrotterUITests */,
				BBE391601F61963400CE5149 /* Products */,
				BB7123861F65930B000B542C /* Frameworks */,
			);
			sourceTree = "<group>";
		};
		BBE391601F61963400CE5149 /* Products */ = {
			isa = PBXGroup;
			children = (
				BBE3915F1F61963400CE5149 /* WorldTrotter.app */,
				BBE391731F61963400CE5149 /* WorldTrotterTests.xctest */,
				BBE3917E1F61963400CE5149 /* WorldTrotterUITests.xctest */,
			);
			name = Products;
			sourceTree = "<group>";
		};
		BBE391611F61963400CE5149 /* WorldTrotter */ = {
			isa = PBXGroup;
			children = (
				BBE75F7D1F62068E00789098 /* ConversionViewController.swift */,
				BBE391621F61963400CE5149 /* AppDelegate.swift */,
				BBE391661F61963400CE5149 /* Main.storyboard */,
				BB71238D1F674A17000B542C /* ViewController.swift */,
				BB7123891F65A04B000B542C /* MapViewController.swift */,
				BBF59BCC1F6F5E0400285EAE /* Localizable.strings */,
				BBE3916B1F61963400CE5149 /* LaunchScreen.storyboard */,
				BBE3916E1F61963400CE5149 /* Info.plist */,
				BBEC4F581F68927300365EBC /* Assets.xcassets */,
			);
			path = WorldTrotter;
			sourceTree = "<group>";
		};
		BBE391761F61963400CE5149 /* WorldTrotterTests */ = {
			isa = PBXGroup;
			children = (
				BBE391771F61963400CE5149 /* WorldTrotterTests.swift */,
				BBE391791F61963400CE5149 /* Info.plist */,
			);
			path = WorldTrotterTests;
			sourceTree = "<group>";
		};
		BBE391811F61963400CE5149 /* WorldTrotterUITests */ = {
			isa = PBXGroup;
			children = (
				BBE391821F61963400CE5149 /* WorldTrotterUITests.swift */,
				BBE391841F61963400CE5149 /* Info.plist */,
			);
			path = WorldTrotterUITests;
			sourceTree = "<group>";
		};
/* End PBXGroup section */

/* Begin PBXNativeTarget section */
		BBE3915E1F61963400CE5149 /* WorldTrotter */ = {
			isa = PBXNativeTarget;
			buildConfigurationList = BBE391871F61963400CE5149 /* Build configuration list for PBXNativeTarget "WorldTrotter" */;
			buildPhases = (
				BBE3915B1F61963400CE5149 /* Sources */,
				BBE3915C1F61963400CE5149 /* Frameworks */,
				BBE3915D1F61963400CE5149 /* Resources */,
			);
			buildRules = (
			);
			dependencies = (
			);
			name = WorldTrotter;
			productName = WorldTrotter;
			productReference = BBE3915F1F61963400CE5149 /* WorldTrotter.app */;
			productType = "com.apple.product-type.application";
		};
		BBE391721F61963400CE5149 /* WorldTrotterTests */ = {
			isa = PBXNativeTarget;
			buildConfigurationList = BBE3918A1F61963400CE5149 /* Build configuration list for PBXNativeTarget "WorldTrotterTests" */;
			buildPhases = (
				BBE3916F1F61963400CE5149 /* Sources */,
				BBE391701F61963400CE5149 /* Frameworks */,
				BBE391711F61963400CE5149 /* Resources */,
			);
			buildRules = (
			);
			dependencies = (
				BBE391751F61963400CE5149 /* PBXTargetDependency */,
			);
			name = WorldTrotterTests;
			productName = WorldTrotterTests;
			productReference = BBE391731F61963400CE5149 /* WorldTrotterTests.xctest */;
			productType = "com.apple.product-type.bundle.unit-test";
		};
		BBE3917D1F61963400CE5149 /* WorldTrotterUITests */ = {
			isa = PBXNativeTarget;
			buildConfigurationList = BBE3918D1F61963400CE5149 /* Build configuration list for PBXNativeTarget "WorldTrotterUITests" */;
			buildPhases = (
				BBE3917A1F61963400CE5149 /* Sources */,
				BBE3917B1F61963400CE5149 /* Frameworks */,
				BBE3917C1F61963400CE5149 /* Resources */,
			);
			buildRules = (
			);
			dependencies = (
				BBE391801F61963400CE5149 /* PBXTargetDependency */,
			);
			name = WorldTrotterUITests;
			productName = WorldTrotterUITests;
			productReference = BBE3917E1F61963400CE5149 /* WorldTrotterUITests.xctest */;
			productType = "com.apple.product-type.bundle.ui-testing";
		};
/* End PBXNativeTarget section */

/* Begin PBXProject section */
		BBE391571F61963400CE5149 /* Project object */ = {
			isa = PBXProject;
			attributes = {
				LastSwiftUpdateCheck = 0830;
				LastUpgradeCheck = 0830;
				ORGANIZATIONNAME = "Mark Engen";
				TargetAttributes = {
					BBE3915E1F61963400CE5149 = {
						CreatedOnToolsVersion = 8.3.3;
						DevelopmentTeam = DF4V8VKZ8E;
						ProvisioningStyle = Automatic;
					};
					BBE391721F61963400CE5149 = {
						CreatedOnToolsVersion = 8.3.3;
						DevelopmentTeam = DF4V8VKZ8E;
						ProvisioningStyle = Automatic;
						TestTargetID = BBE3915E1F61963400CE5149;
					};
					BBE3917D1F61963400CE5149 = {
						CreatedOnToolsVersion = 8.3.3;
						DevelopmentTeam = DF4V8VKZ8E;
						ProvisioningStyle = Automatic;
						TestTargetID = BBE3915E1F61963400CE5149;
					};
				};
			};
			buildConfigurationList = BBE3915A1F61963400CE5149 /* Build configuration list for PBXProject "WorldTrotter" */;
			compatibilityVersion = "Xcode 3.2";
			developmentRegion = English;
			hasScannedForEncodings = 0;
			knownRegions = (
				en,
				Base,
				es,
				fr,
			);
			mainGroup = BBE391561F61963400CE5149;
			productRefGroup = BBE391601F61963400CE5149 /* Products */;
			projectDirPath = "";
			projectRoot = "";
			targets = (
				BBE3915E1F61963400CE5149 /* WorldTrotter */,
				BBE391721F61963400CE5149 /* WorldTrotterTests */,
				BBE3917D1F61963400CE5149 /* WorldTrotterUITests */,
			);
		};
/* End PBXProject section */

/* Begin PBXResourcesBuildPhase section */
		BBE3915D1F61963400CE5149 /* Resources */ = {
			isa = PBXResourcesBuildPhase;
			buildActionMask = 2147483647;
			files = (
				BBE3916D1F61963400CE5149 /* LaunchScreen.storyboard in Resources */,
				BBF59BCA1F6F5E0400285EAE /* Localizable.strings in Resources */,
				BBEC4F591F68927300365EBC /* Assets.xcassets in Resources */,
				BBE391681F61963400CE5149 /* Main.storyboard in Resources */,
			);
			runOnlyForDeploymentPostprocessing = 0;
		};
		BBE391711F61963400CE5149 /* Resources */ = {
			isa = PBXResourcesBuildPhase;
			buildActionMask = 2147483647;
			files = (
			);
			runOnlyForDeploymentPostprocessing = 0;
		};
		BBE3917C1F61963400CE5149 /* Resources */ = {
			isa = PBXResourcesBuildPhase;
			buildActionMask = 2147483647;
			files = (
			);
			runOnlyForDeploymentPostprocessing = 0;
		};
/* End PBXResourcesBuildPhase section */

/* Begin PBXSourcesBuildPhase section */
		BBE3915B1F61963400CE5149 /* Sources */ = {
			isa = PBXSourcesBuildPhase;
			buildActionMask = 2147483647;
			files = (
				BBE75F7E1F62068E00789098 /* ConversionViewController.swift in Sources */,
				BB71238A1F65A04B000B542C /* MapViewController.swift in Sources */,
				BB71238E1F674A17000B542C /* ViewController.swift in Sources */,
				BBE391631F61963400CE5149 /* AppDelegate.swift in Sources */,
			);
			runOnlyForDeploymentPostprocessing = 0;
		};
		BBE3916F1F61963400CE5149 /* Sources */ = {
			isa = PBXSourcesBuildPhase;
			buildActionMask = 2147483647;
			files = (
				BBE391781F61963400CE5149 /* WorldTrotterTests.swift in Sources */,
			);
			runOnlyForDeploymentPostprocessing = 0;
		};
		BBE3917A1F61963400CE5149 /* Sources */ = {
			isa = PBXSourcesBuildPhase;
			buildActionMask = 2147483647;
			files = (
				BBE391831F61963400CE5149 /* WorldTrotterUITests.swift in Sources */,
			);
			runOnlyForDeploymentPostprocessing = 0;
		};
/* End PBXSourcesBuildPhase section */

/* Begin PBXTargetDependency section */
		BBE391751F61963400CE5149 /* PBXTargetDependency */ = {
			isa = PBXTargetDependency;
			target = BBE3915E1F61963400CE5149 /* WorldTrotter */;
			targetProxy = BBE391741F61963400CE5149 /* PBXContainerItemProxy */;
		};
		BBE391801F61963400CE5149 /* PBXTargetDependency */ = {
			isa = PBXTargetDependency;
			target = BBE3915E1F61963400CE5149 /* WorldTrotter */;
			targetProxy = BBE3917F1F61963400CE5149 /* PBXContainerItemProxy */;
		};
/* End PBXTargetDependency section */

/* Begin PBXVariantGroup section */
		BBE391661F61963400CE5149 /* Main.storyboard */ = {
			isa = PBXVariantGroup;
			children = (
				BBE391671F61963400CE5149 /* Base */,
				BB85B7FD1F6F4BE800EDBCC1 /* en */,
				BB85B7FE1F6F4C5E00EDBCC1 /* es */,
				BBF59BCF1F6F648A00285EAE /* fr */,
			);
			name = Main.storyboard;
			sourceTree = "<group>";
		};
		BBE3916B1F61963400CE5149 /* LaunchScreen.storyboard */ = {
			isa = PBXVariantGroup;
			children = (
				BBE3916C1F61963400CE5149 /* Base */,
			);
			name = LaunchScreen.storyboard;
			sourceTree = "<group>";
		};
		BBF59BCC1F6F5E0400285EAE /* Localizable.strings */ = {
			isa = PBXVariantGroup;
			children = (
				BBF59BCB1F6F5E0400285EAE /* Base */,
				BBF59BCD1F6F5E1900285EAE /* en */,
				BBF59BCE1F6F5E1A00285EAE /* es */,
				BBF59BD01F6F648A00285EAE /* fr */,
			);
			name = Localizable.strings;
			sourceTree = "<group>";
		};
/* End PBXVariantGroup section */

/* Begin XCBuildConfiguration section */
		BBE391851F61963400CE5149 /* Debug */ = {
			isa = XCBuildConfiguration;
			buildSettings = {
				ALWAYS_SEARCH_USER_PATHS = NO;
				CLANG_ANALYZER_LOCALIZABILITY_NONLOCALIZED = YES;
				CLANG_ANALYZER_NONNULL = YES;
				CLANG_ANALYZER_NUMBER_OBJECT_CONVERSION = YES_AGGRESSIVE;
				CLANG_CXX_LANGUAGE_STANDARD = "gnu++0x";
				CLANG_CXX_LIBRARY = "libc++";
				CLANG_ENABLE_MODULES = YES;
				CLANG_ENABLE_OBJC_ARC = YES;
				CLANG_WARN_BOOL_CONVERSION = YES;
				CLANG_WARN_CONSTANT_CONVERSION = YES;
				CLANG_WARN_DIRECT_OBJC_ISA_USAGE = YES_ERROR;
				CLANG_WARN_DOCUMENTATION_COMMENTS = YES;
				CLANG_WARN_EMPTY_BODY = YES;
				CLANG_WARN_ENUM_CONVERSION = YES;
				CLANG_WARN_INFINITE_RECURSION = YES;
				CLANG_WARN_INT_CONVERSION = YES;
				CLANG_WARN_OBJC_ROOT_CLASS = YES_ERROR;
				CLANG_WARN_SUSPICIOUS_MOVE = YES;
				CLANG_WARN_UNREACHABLE_CODE = YES;
				CLANG_WARN__DUPLICATE_METHOD_MATCH = YES;
				"CODE_SIGN_IDENTITY[sdk=iphoneos*]" = "iPhone Developer";
				COPY_PHASE_STRIP = NO;
				DEBUG_INFORMATION_FORMAT = dwarf;
				ENABLE_STRICT_OBJC_MSGSEND = YES;
				ENABLE_TESTABILITY = YES;
				GCC_C_LANGUAGE_STANDARD = gnu99;
				GCC_DYNAMIC_NO_PIC = NO;
				GCC_NO_COMMON_BLOCKS = YES;
				GCC_OPTIMIZATION_LEVEL = 0;
				GCC_PREPROCESSOR_DEFINITIONS = (
					"DEBUG=1",
					"$(inherited)",
				);
				GCC_WARN_64_TO_32_BIT_CONVERSION = YES;
				GCC_WARN_ABOUT_RETURN_TYPE = YES_ERROR;
				GCC_WARN_UNDECLARED_SELECTOR = YES;
				GCC_WARN_UNINITIALIZED_AUTOS = YES_AGGRESSIVE;
				GCC_WARN_UNUSED_FUNCTION = YES;
				GCC_WARN_UNUSED_VARIABLE = YES;
				IPHONEOS_DEPLOYMENT_TARGET = 10.3;
				MTL_ENABLE_DEBUG_INFO = YES;
				ONLY_ACTIVE_ARCH = YES;
				SDKROOT = iphoneos;
				SWIFT_ACTIVE_COMPILATION_CONDITIONS = DEBUG;
				SWIFT_OPTIMIZATION_LEVEL = "-Onone";
				TARGETED_DEVICE_FAMILY = "1,2";
			};
			name = Debug;
		};
		BBE391861F61963400CE5149 /* Release */ = {
			isa = XCBuildConfiguration;
			buildSettings = {
				ALWAYS_SEARCH_USER_PATHS = NO;
				CLANG_ANALYZER_LOCALIZABILITY_NONLOCALIZED = YES;
				CLANG_ANALYZER_NONNULL = YES;
				CLANG_ANALYZER_NUMBER_OBJECT_CONVERSION = YES_AGGRESSIVE;
				CLANG_CXX_LANGUAGE_STANDARD = "gnu++0x";
				CLANG_CXX_LIBRARY = "libc++";
				CLANG_ENABLE_MODULES = YES;
				CLANG_ENABLE_OBJC_ARC = YES;
				CLANG_WARN_BOOL_CONVERSION = YES;
				CLANG_WARN_CONSTANT_CONVERSION = YES;
				CLANG_WARN_DIRECT_OBJC_ISA_USAGE = YES_ERROR;
				CLANG_WARN_DOCUMENTATION_COMMENTS = YES;
				CLANG_WARN_EMPTY_BODY = YES;
				CLANG_WARN_ENUM_CONVERSION = YES;
				CLANG_WARN_INFINITE_RECURSION = YES;
				CLANG_WARN_INT_CONVERSION = YES;
				CLANG_WARN_OBJC_ROOT_CLASS = YES_ERROR;
				CLANG_WARN_SUSPICIOUS_MOVE = YES;
				CLANG_WARN_UNREACHABLE_CODE = YES;
				CLANG_WARN__DUPLICATE_METHOD_MATCH = YES;
				"CODE_SIGN_IDENTITY[sdk=iphoneos*]" = "iPhone Developer";
				COPY_PHASE_STRIP = NO;
				DEBUG_INFORMATION_FORMAT = "dwarf-with-dsym";
				ENABLE_NS_ASSERTIONS = NO;
				ENABLE_STRICT_OBJC_MSGSEND = YES;
				GCC_C_LANGUAGE_STANDARD = gnu99;
				GCC_NO_COMMON_BLOCKS = YES;
				GCC_WARN_64_TO_32_BIT_CONVERSION = YES;
				GCC_WARN_ABOUT_RETURN_TYPE = YES_ERROR;
				GCC_WARN_UNDECLARED_SELECTOR = YES;
				GCC_WARN_UNINITIALIZED_AUTOS = YES_AGGRESSIVE;
				GCC_WARN_UNUSED_FUNCTION = YES;
				GCC_WARN_UNUSED_VARIABLE = YES;
				IPHONEOS_DEPLOYMENT_TARGET = 10.3;
				MTL_ENABLE_DEBUG_INFO = NO;
				SDKROOT = iphoneos;
				SWIFT_OPTIMIZATION_LEVEL = "-Owholemodule";
				TARGETED_DEVICE_FAMILY = "1,2";
				VALIDATE_PRODUCT = YES;
			};
			name = Release;
		};
		BBE391881F61963400CE5149 /* Debug */ = {
			isa = XCBuildConfiguration;
			buildSettings = {
				ASSETCATALOG_COMPILER_APPICON_NAME = AppIcon;
				DEVELOPMENT_TEAM = DF4V8VKZ8E;
				INFOPLIST_FILE = WorldTrotter/Info.plist;
				LD_RUNPATH_SEARCH_PATHS = "$(inherited) @executable_path/Frameworks";
				PRODUCT_BUNDLE_IDENTIFIER = com.markengen.mengen.WorldTrotter;
				PRODUCT_NAME = "$(TARGET_NAME)";
				SWIFT_VERSION = 3.0;
			};
			name = Debug;
		};
		BBE391891F61963400CE5149 /* Release */ = {
			isa = XCBuildConfiguration;
			buildSettings = {
				ASSETCATALOG_COMPILER_APPICON_NAME = AppIcon;
				DEVELOPMENT_TEAM = DF4V8VKZ8E;
				INFOPLIST_FILE = WorldTrotter/Info.plist;
				LD_RUNPATH_SEARCH_PATHS = "$(inherited) @executable_path/Frameworks";
				PRODUCT_BUNDLE_IDENTIFIER = com.markengen.mengen.WorldTrotter;
				PRODUCT_NAME = "$(TARGET_NAME)";
				SWIFT_VERSION = 3.0;
			};
			name = Release;
		};
		BBE3918B1F61963400CE5149 /* Debug */ = {
			isa = XCBuildConfiguration;
			buildSettings = {
				ALWAYS_EMBED_SWIFT_STANDARD_LIBRARIES = YES;
				BUNDLE_LOADER = "$(TEST_HOST)";
				DEVELOPMENT_TEAM = DF4V8VKZ8E;
				INFOPLIST_FILE = WorldTrotterTests/Info.plist;
				LD_RUNPATH_SEARCH_PATHS = "$(inherited) @executable_path/Frameworks @loader_path/Frameworks";
				PRODUCT_BUNDLE_IDENTIFIER = com.markengen.mengen.WorldTrotterTests;
				PRODUCT_NAME = "$(TARGET_NAME)";
				SWIFT_VERSION = 3.0;
				TEST_HOST = "$(BUILT_PRODUCTS_DIR)/WorldTrotter.app/WorldTrotter";
			};
			name = Debug;
		};
		BBE3918C1F61963400CE5149 /* Release */ = {
			isa = XCBuildConfiguration;
			buildSettings = {
				ALWAYS_EMBED_SWIFT_STANDARD_LIBRARIES = YES;
				BUNDLE_LOADER = "$(TEST_HOST)";
				DEVELOPMENT_TEAM = DF4V8VKZ8E;
				INFOPLIST_FILE = WorldTrotterTests/Info.plist;
				LD_RUNPATH_SEARCH_PATHS = "$(inherited) @executable_path/Frameworks @loader_path/Frameworks";
				PRODUCT_BUNDLE_IDENTIFIER = com.markengen.mengen.WorldTrotterTests;
				PRODUCT_NAME = "$(TARGET_NAME)";
				SWIFT_VERSION = 3.0;
				TEST_HOST = "$(BUILT_PRODUCTS_DIR)/WorldTrotter.app/WorldTrotter";
			};
			name = Release;
		};
		BBE3918E1F61963400CE5149 /* Debug */ = {
			isa = XCBuildConfiguration;
			buildSettings = {
				ALWAYS_EMBED_SWIFT_STANDARD_LIBRARIES = YES;
				DEVELOPMENT_TEAM = DF4V8VKZ8E;
				INFOPLIST_FILE = WorldTrotterUITests/Info.plist;
				LD_RUNPATH_SEARCH_PATHS = "$(inherited) @executable_path/Frameworks @loader_path/Frameworks";
				PRODUCT_BUNDLE_IDENTIFIER = com.markengen.mengen.WorldTrotterUITests;
				PRODUCT_NAME = "$(TARGET_NAME)";
				SWIFT_VERSION = 3.0;
				TEST_TARGET_NAME = WorldTrotter;
			};
			name = Debug;
		};
		BBE3918F1F61963400CE5149 /* Release */ = {
			isa = XCBuildConfiguration;
			buildSettings = {
				ALWAYS_EMBED_SWIFT_STANDARD_LIBRARIES = YES;
				DEVELOPMENT_TEAM = DF4V8VKZ8E;
				INFOPLIST_FILE = WorldTrotterUITests/Info.plist;
				LD_RUNPATH_SEARCH_PATHS = "$(inherited) @executable_path/Frameworks @loader_path/Frameworks";
				PRODUCT_BUNDLE_IDENTIFIER = com.markengen.mengen.WorldTrotterUITests;
				PRODUCT_NAME = "$(TARGET_NAME)";
				SWIFT_VERSION = 3.0;
				TEST_TARGET_NAME = WorldTrotter;
			};
			name = Release;
		};
/* End XCBuildConfiguration section */

/* Begin XCConfigurationList section */
		BBE3915A1F61963400CE5149 /* Build configuration list for PBXProject "WorldTrotter" */ = {
			isa = XCConfigurationList;
			buildConfigurations = (
				BBE391851F61963400CE5149 /* Debug */,
				BBE391861F61963400CE5149 /* Release */,
			);
			defaultConfigurationIsVisible = 0;
			defaultConfigurationName = Release;
		};
		BBE391871F61963400CE5149 /* Build configuration list for PBXNativeTarget "WorldTrotter" */ = {
			isa = XCConfigurationList;
			buildConfigurations = (
				BBE391881F61963400CE5149 /* Debug */,
				BBE391891F61963400CE5149 /* Release */,
			);
			defaultConfigurationIsVisible = 0;
			defaultConfigurationName = Release;
		};
		BBE3918A1F61963400CE5149 /* Build configuration list for PBXNativeTarget "WorldTrotterTests" */ = {
			isa = XCConfigurationList;
			buildConfigurations = (
				BBE3918B1F61963400CE5149 /* Debug */,
				BBE3918C1F61963400CE5149 /* Release */,
			);
			defaultConfigurationIsVisible = 0;
			defaultConfigurationName = Release;
		};
		BBE3918D1F61963400CE5149 /* Build configuration list for PBXNativeTarget "WorldTrotterUITests" */ = {
			isa = XCConfigurationList;
			buildConfigurations = (
				BBE3918E1F61963400CE5149 /* Debug */,
				BBE3918F1F61963400CE5149 /* Release */,
			);
			defaultConfigurationIsVisible = 0;
			defaultConfigurationName = Release;
		};
/* End XCConfigurationList section */
	};
	rootObject = BBE391571F61963400CE5149 /* Project object */;
}
